
Microsoft Visual Studio Solution File, Format Version 12.00
# Visual Studio 15
VisualStudioVersion = 15.0.28010.2046
MinimumVisualStudioVersion = 10.0.40219.1
Project("{FAE04EC0-301F-11D3-BF4B-00C04F79EFBC}") = "SpaceShip", "SpaceShip\SpaceShip.csproj", "{204B76E3-21E3-4670-B4D6-4061636782AD}"
EndProject
Global
	GlobalSection(SolutionConfigurationPlatforms) = preSolution
		Debug|x86 = Debug|x86
		Release|x86 = Release|x86
	EndGlobalSection
	GlobalSection(ProjectConfigurationPlatforms) = postSolution
		{204B76E3-21E3-4670-B4D6-4061636782AD}.Debug|x86.ActiveCfg = Debug|x86
		{204B76E3-21E3-4670-B4D6-4061636782AD}.Debug|x86.Build.0 = Debug|x86
		{204B76E3-21E3-4670-B4D6-4061636782AD}.Release|x86.ActiveCfg = Release|x86
		{204B76E3-21E3-4670-B4D6-4061636782AD}.Release|x86.Build.0 = Release|x86
	EndGlobalSection
	GlobalSection(SolutionProperties) = preSolution
		HideSolutionNode = FALSE
	EndGlobalSection
	GlobalSection(ExtensibilityGlobals) = postSolution
		SolutionGuid = {A511951A-0656-4CC6-990D-AE5CB5B7C863}
	EndGlobalSection
EndGlobal
